
Microsoft Visual Studio Solution File, Format Version 12.00
# Visual Studio 2013
VisualStudioVersion = 12.0.31101.0
MinimumVisualStudioVersion = 10.0.40219.1
Project("{FAE04EC0-301F-11D3-BF4B-00C04F79EFBC}") = "NoPlaceToHide", "NoPlaceToHide\NoPlaceToHide.csproj", "{EF47E043-BB87-458C-8E34-24D07B2AA910}"
EndProject
Global
	GlobalSection(SolutionConfigurationPlatforms) = preSolution
		Debug|Any CPU = Debug|Any CPU
		Release|Any CPU = Release|Any CPU
	EndGlobalSection
	GlobalSection(ProjectConfigurationPlatforms) = postSolution
		{EF47E043-BB87-458C-8E34-24D07B2AA910}.Debug|Any CPU.ActiveCfg = Debug|Any CPU
		{EF47E043-BB87-458C-8E34-24D07B2AA910}.Debug|Any CPU.Build.0 = Debug|Any CPU
		{EF47E043-BB87-458C-8E34-24D07B2AA910}.Release|Any CPU.ActiveCfg = Release|Any CPU
		{EF47E043-BB87-458C-8E34-24D07B2AA910}.Release|Any CPU.Build.0 = Release|Any CPU
	EndGlobalSection
	GlobalSection(SolutionProperties) = preSolution
		HideSolutionNode = FALSE
	EndGlobalSection
EndGlobal
